
Microsoft Visual Studio Solution File, Format Version 12.00
# Visual Studio 15
Project("{FAE04EC0-301F-11D3-BF4B-00C04F79EFBC}") = "c-hash-begin", "c-hash-begin\c-hash-begin.csproj", "{3760F4EC-4A7E-47B0-9340-DD51A0462189}"
EndProject
Global
	GlobalSection(SolutionConfigurationPlatforms) = preSolution
		Debug|Any CPU = Debug|Any CPU
		Release|Any CPU = Release|Any CPU
	EndGlobalSection
	GlobalSection(ProjectConfigurationPlatforms) = postSolution
		{3760F4EC-4A7E-47B0-9340-DD51A0462189}.Debug|Any CPU.ActiveCfg = Debug|Any CPU
		{3760F4EC-4A7E-47B0-9340-DD51A0462189}.Debug|Any CPU.Build.0 = Debug|Any CPU
		{3760F4EC-4A7E-47B0-9340-DD51A0462189}.Release|Any CPU.ActiveCfg = Release|Any CPU
		{3760F4EC-4A7E-47B0-9340-DD51A0462189}.Release|Any CPU.Build.0 = Release|Any CPU
	EndGlobalSection
EndGlobal
