
Microsoft Visual Studio Solution File, Format Version 12.00
# Visual Studio 15
Project("{FAE04EC0-301F-11D3-BF4B-00C04F79EFBC}") = "DataDrivenASP", "DataDrivenASP\DataDrivenASP.csproj", "{EDF433F4-61FE-40C6-A32E-AD164F2FEFDD}"
EndProject
Global
	GlobalSection(SolutionConfigurationPlatforms) = preSolution
		Debug|Any CPU = Debug|Any CPU
		Release|Any CPU = Release|Any CPU
	EndGlobalSection
	GlobalSection(ProjectConfigurationPlatforms) = postSolution
		{EDF433F4-61FE-40C6-A32E-AD164F2FEFDD}.Debug|Any CPU.ActiveCfg = Debug|Any CPU
		{EDF433F4-61FE-40C6-A32E-AD164F2FEFDD}.Debug|Any CPU.Build.0 = Debug|Any CPU
		{EDF433F4-61FE-40C6-A32E-AD164F2FEFDD}.Release|Any CPU.ActiveCfg = Release|Any CPU
		{EDF433F4-61FE-40C6-A32E-AD164F2FEFDD}.Release|Any CPU.Build.0 = Release|Any CPU
	EndGlobalSection
EndGlobal
